
Microsoft Visual Studio Solution File, Format Version 12.00
# Visual Studio Version 17
VisualStudioVersion = 17.10.35013.160
MinimumVisualStudioVersion = 10.0.40219.1
Project("{2150E333-8FDC-42A3-9474-1A3956D46DE8}") = "Solution Items", "Solution Items", "{F66EDD30-7B16-44FE-B83F-EF1574B4D8B3}"
	ProjectSection(SolutionItems) = preProject
		Directory.Build.props = Directory.Build.props
		global.json = global.json
	EndProjectSection
EndProject
Project("{FAE04EC0-301F-11D3-BF4B-00C04F79EFBC}") = "SonetaAddonName", "SonetaAddon\SonetaAddon.csproj", "{71E907B0-1676-4792-9D52-D1275FF05A7C}"
EndProject
$if$ (!noUI)
Project("{FAE04EC0-301F-11D3-BF4B-00C04F79EFBC}") = "SonetaAddonName.UI", "SonetaAddon.UI\SonetaAddon.UI.csproj", "{730A432C-4A8D-4167-95E5-71716A7169DE}"
EndProject
$endif$
$if$ (!noTest)
Project("{FAE04EC0-301F-11D3-BF4B-00C04F79EFBC}") = "SonetaAddonName.Tests", "SonetaAddon.Tests\SonetaAddon.Tests.csproj", "{1A514B88-D796-4C33-B17D-1122A97459D8}"
EndProject
$endif$
Global
	GlobalSection(SolutionConfigurationPlatforms) = preSolution
		Debug|Any CPU = Debug|Any CPU
		Release|Any CPU = Release|Any CPU
	EndGlobalSection
	GlobalSection(ProjectConfigurationPlatforms) = postSolution
		{71E907B0-1676-4792-9D52-D1275FF05A7C}.Debug|Any CPU.ActiveCfg = Debug|Any CPU
		{71E907B0-1676-4792-9D52-D1275FF05A7C}.Debug|Any CPU.Build.0 = Debug|Any CPU
		{71E907B0-1676-4792-9D52-D1275FF05A7C}.Release|Any CPU.ActiveCfg = Release|Any CPU
		{71E907B0-1676-4792-9D52-D1275FF05A7C}.Release|Any CPU.Build.0 = Release|Any CPU
		$if$ (!noUI)
		{730A432C-4A8D-4167-95E5-71716A7169DE}.Debug|Any CPU.ActiveCfg = Debug|Any CPU
		{730A432C-4A8D-4167-95E5-71716A7169DE}.Debug|Any CPU.Build.0 = Debug|Any CPU
		{730A432C-4A8D-4167-95E5-71716A7169DE}.Release|Any CPU.ActiveCfg = Release|Any CPU
		{730A432C-4A8D-4167-95E5-71716A7169DE}.Release|Any CPU.Build.0 = Release|Any CPU
		$endif$
		$if$ (!noTest)
		{1A514B88-D796-4C33-B17D-1122A97459D8}.Debug|Any CPU.ActiveCfg = Debug|Any CPU
		{1A514B88-D796-4C33-B17D-1122A97459D8}.Debug|Any CPU.Build.0 = Debug|Any CPU
		{1A514B88-D796-4C33-B17D-1122A97459D8}.Release|Any CPU.ActiveCfg = Release|Any CPU
		{1A514B88-D796-4C33-B17D-1122A97459D8}.Release|Any CPU.Build.0 = Release|Any CPU
		$endif$
	EndGlobalSection
	GlobalSection(SolutionProperties) = preSolution
		HideSolutionNode = FALSE
	EndGlobalSection
	GlobalSection(ExtensibilityGlobals) = postSolution
		SolutionGuid = {1756FC03-73CB-441C-9B52-33D6742DFB39}
	EndGlobalSection
EndGlobal